Microsoft Visual Studio Solution File, Format Version 12.00
# Visual Studio 2012
Project("{8BC9CEB8-8B4A-11D0-8D11-00A0C91BC942}") = "ALL_BUILD", "ALL_BUILD.vcxproj", "{5FA960E0-B74F-41CA-BE1C-9884D481B254}"
	ProjectSection(ProjectDependencies) = postProject
		{41F87EC0-F248-40A2-BB10-FE5C571D930A} = {41F87EC0-F248-40A2-BB10-FE5C571D930A}
		{BE23FF9A-E318-400D-9B1F-6EA17DE62898} = {BE23FF9A-E318-400D-9B1F-6EA17DE62898}
		{6C1D8A54-FF77-4391-8766-9A4442862B28} = {6C1D8A54-FF77-4391-8766-9A4442862B28}
		{A43C43F1-11E5-4028-8D29-E33B916587A7} = {A43C43F1-11E5-4028-8D29-E33B916587A7}
		{2347CDA3-E8BA-4509-BE31-629E99A5918C} = {2347CDA3-E8BA-4509-BE31-629E99A5918C}
		{132CCC9A-2224-4586-903B-D68ED5FD6FE7} = {132CCC9A-2224-4586-903B-D68ED5FD6FE7}
		{28B2039E-F2F7-4309-BE9B-596EE6DD8243} = {28B2039E-F2F7-4309-BE9B-596EE6DD8243}
		{13D69030-B2A2-463D-8447-98BAAFD7BBEC} = {13D69030-B2A2-463D-8447-98BAAFD7BBEC}
		{F00673DB-F34B-4F6F-8DAB-A7E3E20591B5} = {F00673DB-F34B-4F6F-8DAB-A7E3E20591B5}
		{CBBB1D06-D18B-4EA1-A884-16DAB76AC4F2} = {CBBB1D06-D18B-4EA1-A884-16DAB76AC4F2}
		{D963B280-9F8A-45AC-94FB-7F71B43EADC5} = {D963B280-9F8A-45AC-94FB-7F71B43EADC5}
		{DBE10C5A-BD3C-406B-A4C8-D94FB2B269F7} = {DBE10C5A-BD3C-406B-A4C8-D94FB2B269F7}
		{B4E5F9F9-4389-4599-A1C4-350531DBBE29} = {B4E5F9F9-4389-4599-A1C4-350531DBBE29}
		{B5A05B0E-24E1-4E9A-B4FE-79152B46A34B} = {B5A05B0E-24E1-4E9A-B4FE-79152B46A34B}
		{EA11D6F6-BE2B-4671-9B83-3E0675A44AFB} = {EA11D6F6-BE2B-4671-9B83-3E0675A44AFB}
		{ED709601-0076-41A9-A755-94A170CA998B} = {ED709601-0076-41A9-A755-94A170CA998B}
		{617E8678-748C-4773-809F-48A195804AF5} = {617E8678-748C-4773-809F-48A195804AF5}
		{BB5E4369-0A51-4FDC-89E0-821A04F1CB84} = {BB5E4369-0A51-4FDC-89E0-821A04F1CB84}
		{C9F4169B-A129-4BBD-A71A-2E972B016A40} = {C9F4169B-A129-4BBD-A71A-2E972B016A40}
		{722CAAB7-FA7C-4033-BD2A-AC31B121E406} = {722CAAB7-FA7C-4033-BD2A-AC31B121E406}
		{17BED2BE-82F3-42AA-8182-E8E4BFABE20D} = {17BED2BE-82F3-42AA-8182-E8E4BFABE20D}
	EndProjectSection
EndProject
Project("{8BC9CEB8-8B4A-11D0-8D11-00A0C91BC942}") = "INSTALL", "INSTALL.vcxproj", "{ED5E3EC4-A322-4208-86CE-2AAC69768A72}"
	ProjectSection(ProjectDependencies) = postProject
		{5FA960E0-B74F-41CA-BE1C-9884D481B254} = {5FA960E0-B74F-41CA-BE1C-9884D481B254}
	EndProjectSection
EndProject
Project("{8BC9CEB8-8B4A-11D0-8D11-00A0C91BC942}") = "ZERO_CHECK", "ZERO_CHECK.vcxproj", "{41F87EC0-F248-40A2-BB10-FE5C571D930A}"
	ProjectSection(ProjectDependencies) = postProject
	EndProjectSection
EndProject
Project("{8BC9CEB8-8B4A-11D0-8D11-00A0C91BC942}") = "app_coinexplorer", "applications\coinexplorer\app_coinexplorer.vcxproj", "{BE23FF9A-E318-400D-9B1F-6EA17DE62898}"
	ProjectSection(ProjectDependencies) = postProject
		{41F87EC0-F248-40A2-BB10-FE5C571D930A} = {41F87EC0-F248-40A2-BB10-FE5C571D930A}
		{2347CDA3-E8BA-4509-BE31-629E99A5918C} = {2347CDA3-E8BA-4509-BE31-629E99A5918C}
		{132CCC9A-2224-4586-903B-D68ED5FD6FE7} = {132CCC9A-2224-4586-903B-D68ED5FD6FE7}
		{28B2039E-F2F7-4309-BE9B-596EE6DD8243} = {28B2039E-F2F7-4309-BE9B-596EE6DD8243}
		{13D69030-B2A2-463D-8447-98BAAFD7BBEC} = {13D69030-B2A2-463D-8447-98BAAFD7BBEC}
	EndProjectSection
EndProject
Project("{8BC9CEB8-8B4A-11D0-8D11-00A0C91BC942}") = "app_cryptoshi", "applications\cryptoshi\app_cryptoshi.vcxproj", "{6C1D8A54-FF77-4391-8766-9A4442862B28}"
	ProjectSection(ProjectDependencies) = postProject
		{41F87EC0-F248-40A2-BB10-FE5C571D930A} = {41F87EC0-F248-40A2-BB10-FE5C571D930A}
		{2347CDA3-E8BA-4509-BE31-629E99A5918C} = {2347CDA3-E8BA-4509-BE31-629E99A5918C}
		{132CCC9A-2224-4586-903B-D68ED5FD6FE7} = {132CCC9A-2224-4586-903B-D68ED5FD6FE7}
		{28B2039E-F2F7-4309-BE9B-596EE6DD8243} = {28B2039E-F2F7-4309-BE9B-596EE6DD8243}
	EndProjectSection
EndProject
Project("{8BC9CEB8-8B4A-11D0-8D11-00A0C91BC942}") = "app_libcoind", "applications\libcoind\app_libcoind.vcxproj", "{A43C43F1-11E5-4028-8D29-E33B916587A7}"
	ProjectSection(ProjectDependencies) = postProject
		{41F87EC0-F248-40A2-BB10-FE5C571D930A} = {41F87EC0-F248-40A2-BB10-FE5C571D930A}
		{2347CDA3-E8BA-4509-BE31-629E99A5918C} = {2347CDA3-E8BA-4509-BE31-629E99A5918C}
		{132CCC9A-2224-4586-903B-D68ED5FD6FE7} = {132CCC9A-2224-4586-903B-D68ED5FD6FE7}
		{28B2039E-F2F7-4309-BE9B-596EE6DD8243} = {28B2039E-F2F7-4309-BE9B-596EE6DD8243}
		{13D69030-B2A2-463D-8447-98BAAFD7BBEC} = {13D69030-B2A2-463D-8447-98BAAFD7BBEC}
		{F00673DB-F34B-4F6F-8DAB-A7E3E20591B5} = {F00673DB-F34B-4F6F-8DAB-A7E3E20591B5}
		{CBBB1D06-D18B-4EA1-A884-16DAB76AC4F2} = {CBBB1D06-D18B-4EA1-A884-16DAB76AC4F2}
	EndProjectSection
EndProject
Project("{8BC9CEB8-8B4A-11D0-8D11-00A0C91BC942}") = "coin", "src\coin\coin.vcxproj", "{2347CDA3-E8BA-4509-BE31-629E99A5918C}"
	ProjectSection(ProjectDependencies) = postProject
		{41F87EC0-F248-40A2-BB10-FE5C571D930A} = {41F87EC0-F248-40A2-BB10-FE5C571D930A}
	EndProjectSection
EndProject
Project("{8BC9CEB8-8B4A-11D0-8D11-00A0C91BC942}") = "coinChain", "src\coinChain\coinChain.vcxproj", "{132CCC9A-2224-4586-903B-D68ED5FD6FE7}"
	ProjectSection(ProjectDependencies) = postProject
		{41F87EC0-F248-40A2-BB10-FE5C571D930A} = {41F87EC0-F248-40A2-BB10-FE5C571D930A}
		{2347CDA3-E8BA-4509-BE31-629E99A5918C} = {2347CDA3-E8BA-4509-BE31-629E99A5918C}
		{28B2039E-F2F7-4309-BE9B-596EE6DD8243} = {28B2039E-F2F7-4309-BE9B-596EE6DD8243}
	EndProjectSection
EndProject
Project("{8BC9CEB8-8B4A-11D0-8D11-00A0C91BC942}") = "coinHTTP", "src\coinHTTP\coinHTTP.vcxproj", "{28B2039E-F2F7-4309-BE9B-596EE6DD8243}"
	ProjectSection(ProjectDependencies) = postProject
		{41F87EC0-F248-40A2-BB10-FE5C571D930A} = {41F87EC0-F248-40A2-BB10-FE5C571D930A}
		{2347CDA3-E8BA-4509-BE31-629E99A5918C} = {2347CDA3-E8BA-4509-BE31-629E99A5918C}
	EndProjectSection
EndProject
Project("{8BC9CEB8-8B4A-11D0-8D11-00A0C91BC942}") = "coinNAT", "src\coinNAT\coinNAT.vcxproj", "{13D69030-B2A2-463D-8447-98BAAFD7BBEC}"
	ProjectSection(ProjectDependencies) = postProject
		{41F87EC0-F248-40A2-BB10-FE5C571D930A} = {41F87EC0-F248-40A2-BB10-FE5C571D930A}
		{2347CDA3-E8BA-4509-BE31-629E99A5918C} = {2347CDA3-E8BA-4509-BE31-629E99A5918C}
		{132CCC9A-2224-4586-903B-D68ED5FD6FE7} = {132CCC9A-2224-4586-903B-D68ED5FD6FE7}
		{28B2039E-F2F7-4309-BE9B-596EE6DD8243} = {28B2039E-F2F7-4309-BE9B-596EE6DD8243}
	EndProjectSection
EndProject
Project("{8BC9CEB8-8B4A-11D0-8D11-00A0C91BC942}") = "coinPool", "src\coinPool\coinPool.vcxproj", "{F00673DB-F34B-4F6F-8DAB-A7E3E20591B5}"
	ProjectSection(ProjectDependencies) = postProject
		{41F87EC0-F248-40A2-BB10-FE5C571D930A} = {41F87EC0-F248-40A2-BB10-FE5C571D930A}
		{2347CDA3-E8BA-4509-BE31-629E99A5918C} = {2347CDA3-E8BA-4509-BE31-629E99A5918C}
		{132CCC9A-2224-4586-903B-D68ED5FD6FE7} = {132CCC9A-2224-4586-903B-D68ED5FD6FE7}
		{28B2039E-F2F7-4309-BE9B-596EE6DD8243} = {28B2039E-F2F7-4309-BE9B-596EE6DD8243}
		{CBBB1D06-D18B-4EA1-A884-16DAB76AC4F2} = {CBBB1D06-D18B-4EA1-A884-16DAB76AC4F2}
	EndProjectSection
EndProject
Project("{8BC9CEB8-8B4A-11D0-8D11-00A0C91BC942}") = "coinWallet", "src\coinWallet\coinWallet.vcxproj", "{CBBB1D06-D18B-4EA1-A884-16DAB76AC4F2}"
	ProjectSection(ProjectDependencies) = postProject
		{41F87EC0-F248-40A2-BB10-FE5C571D930A} = {41F87EC0-F248-40A2-BB10-FE5C571D930A}
		{2347CDA3-E8BA-4509-BE31-629E99A5918C} = {2347CDA3-E8BA-4509-BE31-629E99A5918C}
		{132CCC9A-2224-4586-903B-D68ED5FD6FE7} = {132CCC9A-2224-4586-903B-D68ED5FD6FE7}
		{28B2039E-F2F7-4309-BE9B-596EE6DD8243} = {28B2039E-F2F7-4309-BE9B-596EE6DD8243}
	EndProjectSection
EndProject
Project("{8BC9CEB8-8B4A-11D0-8D11-00A0C91BC942}") = "example_extrawallet", "examples\extrawallet\example_extrawallet.vcxproj", "{D963B280-9F8A-45AC-94FB-7F71B43EADC5}"
	ProjectSection(ProjectDependencies) = postProject
		{41F87EC0-F248-40A2-BB10-FE5C571D930A} = {41F87EC0-F248-40A2-BB10-FE5C571D930A}
		{2347CDA3-E8BA-4509-BE31-629E99A5918C} = {2347CDA3-E8BA-4509-BE31-629E99A5918C}
		{132CCC9A-2224-4586-903B-D68ED5FD6FE7} = {132CCC9A-2224-4586-903B-D68ED5FD6FE7}
		{28B2039E-F2F7-4309-BE9B-596EE6DD8243} = {28B2039E-F2F7-4309-BE9B-596EE6DD8243}
		{CBBB1D06-D18B-4EA1-A884-16DAB76AC4F2} = {CBBB1D06-D18B-4EA1-A884-16DAB76AC4F2}
	EndProjectSection
EndProject
Project("{8BC9CEB8-8B4A-11D0-8D11-00A0C91BC942}") = "example_ponzicoin", "examples\ponzicoin\example_ponzicoin.vcxproj", "{DBE10C5A-BD3C-406B-A4C8-D94FB2B269F7}"
	ProjectSection(ProjectDependencies) = postProject
		{41F87EC0-F248-40A2-BB10-FE5C571D930A} = {41F87EC0-F248-40A2-BB10-FE5C571D930A}
		{2347CDA3-E8BA-4509-BE31-629E99A5918C} = {2347CDA3-E8BA-4509-BE31-629E99A5918C}
		{132CCC9A-2224-4586-903B-D68ED5FD6FE7} = {132CCC9A-2224-4586-903B-D68ED5FD6FE7}
		{28B2039E-F2F7-4309-BE9B-596EE6DD8243} = {28B2039E-F2F7-4309-BE9B-596EE6DD8243}
		{F00673DB-F34B-4F6F-8DAB-A7E3E20591B5} = {F00673DB-F34B-4F6F-8DAB-A7E3E20591B5}
		{CBBB1D06-D18B-4EA1-A884-16DAB76AC4F2} = {CBBB1D06-D18B-4EA1-A884-16DAB76AC4F2}
	EndProjectSection
EndProject
Project("{8BC9CEB8-8B4A-11D0-8D11-00A0C91BC942}") = "example_simplecoin", "examples\simplecoin\example_simplecoin.vcxproj", "{B4E5F9F9-4389-4599-A1C4-350531DBBE29}"
	ProjectSection(ProjectDependencies) = postProject
		{41F87EC0-F248-40A2-BB10-FE5C571D930A} = {41F87EC0-F248-40A2-BB10-FE5C571D930A}
		{2347CDA3-E8BA-4509-BE31-629E99A5918C} = {2347CDA3-E8BA-4509-BE31-629E99A5918C}
		{132CCC9A-2224-4586-903B-D68ED5FD6FE7} = {132CCC9A-2224-4586-903B-D68ED5FD6FE7}
		{28B2039E-F2F7-4309-BE9B-596EE6DD8243} = {28B2039E-F2F7-4309-BE9B-596EE6DD8243}
		{CBBB1D06-D18B-4EA1-A884-16DAB76AC4F2} = {CBBB1D06-D18B-4EA1-A884-16DAB76AC4F2}
	EndProjectSection
EndProject
Project("{8BC9CEB8-8B4A-11D0-8D11-00A0C91BC942}") = "test_blocktree", "tests\blocktree\test_blocktree.vcxproj", "{B5A05B0E-24E1-4E9A-B4FE-79152B46A34B}"
	ProjectSection(ProjectDependencies) = postProject
		{41F87EC0-F248-40A2-BB10-FE5C571D930A} = {41F87EC0-F248-40A2-BB10-FE5C571D930A}
		{2347CDA3-E8BA-4509-BE31-629E99A5918C} = {2347CDA3-E8BA-4509-BE31-629E99A5918C}
		{132CCC9A-2224-4586-903B-D68ED5FD6FE7} = {132CCC9A-2224-4586-903B-D68ED5FD6FE7}
		{28B2039E-F2F7-4309-BE9B-596EE6DD8243} = {28B2039E-F2F7-4309-BE9B-596EE6DD8243}
	EndProjectSection
EndProject
Project("{8BC9CEB8-8B4A-11D0-8D11-00A0C91BC942}") = "test_claims", "tests\claims\test_claims.vcxproj", "{EA11D6F6-BE2B-4671-9B83-3E0675A44AFB}"
	ProjectSection(ProjectDependencies) = postProject
		{41F87EC0-F248-40A2-BB10-FE5C571D930A} = {41F87EC0-F248-40A2-BB10-FE5C571D930A}
		{2347CDA3-E8BA-4509-BE31-629E99A5918C} = {2347CDA3-E8BA-4509-BE31-629E99A5918C}
		{132CCC9A-2224-4586-903B-D68ED5FD6FE7} = {132CCC9A-2224-4586-903B-D68ED5FD6FE7}
		{28B2039E-F2F7-4309-BE9B-596EE6DD8243} = {28B2039E-F2F7-4309-BE9B-596EE6DD8243}
	EndProjectSection
EndProject
Project("{8BC9CEB8-8B4A-11D0-8D11-00A0C91BC942}") = "test_client", "tests\client\test_client.vcxproj", "{ED709601-0076-41A9-A755-94A170CA998B}"
	ProjectSection(ProjectDependencies) = postProject
		{41F87EC0-F248-40A2-BB10-FE5C571D930A} = {41F87EC0-F248-40A2-BB10-FE5C571D930A}
		{2347CDA3-E8BA-4509-BE31-629E99A5918C} = {2347CDA3-E8BA-4509-BE31-629E99A5918C}
		{132CCC9A-2224-4586-903B-D68ED5FD6FE7} = {132CCC9A-2224-4586-903B-D68ED5FD6FE7}
		{28B2039E-F2F7-4309-BE9B-596EE6DD8243} = {28B2039E-F2F7-4309-BE9B-596EE6DD8243}
	EndProjectSection
EndProject
Project("{8BC9CEB8-8B4A-11D0-8D11-00A0C91BC942}") = "test_extended_key", "tests\extended_key\test_extended_key.vcxproj", "{617E8678-748C-4773-809F-48A195804AF5}"
	ProjectSection(ProjectDependencies) = postProject
		{41F87EC0-F248-40A2-BB10-FE5C571D930A} = {41F87EC0-F248-40A2-BB10-FE5C571D930A}
		{2347CDA3-E8BA-4509-BE31-629E99A5918C} = {2347CDA3-E8BA-4509-BE31-629E99A5918C}
		{132CCC9A-2224-4586-903B-D68ED5FD6FE7} = {132CCC9A-2224-4586-903B-D68ED5FD6FE7}
		{28B2039E-F2F7-4309-BE9B-596EE6DD8243} = {28B2039E-F2F7-4309-BE9B-596EE6DD8243}
	EndProjectSection
EndProject
Project("{8BC9CEB8-8B4A-11D0-8D11-00A0C91BC942}") = "test_jsonance", "tests\jsonance\test_jsonance.vcxproj", "{BB5E4369-0A51-4FDC-89E0-821A04F1CB84}"
	ProjectSection(ProjectDependencies) = postProject
		{41F87EC0-F248-40A2-BB10-FE5C571D930A} = {41F87EC0-F248-40A2-BB10-FE5C571D930A}
		{2347CDA3-E8BA-4509-BE31-629E99A5918C} = {2347CDA3-E8BA-4509-BE31-629E99A5918C}
		{132CCC9A-2224-4586-903B-D68ED5FD6FE7} = {132CCC9A-2224-4586-903B-D68ED5FD6FE7}
		{28B2039E-F2F7-4309-BE9B-596EE6DD8243} = {28B2039E-F2F7-4309-BE9B-596EE6DD8243}
	EndProjectSection
EndProject
Project("{8BC9CEB8-8B4A-11D0-8D11-00A0C91BC942}") = "test_merkletrie", "tests\merkletrie\test_merkletrie.vcxproj", "{C9F4169B-A129-4BBD-A71A-2E972B016A40}"
	ProjectSection(ProjectDependencies) = postProject
		{41F87EC0-F248-40A2-BB10-FE5C571D930A} = {41F87EC0-F248-40A2-BB10-FE5C571D930A}
		{2347CDA3-E8BA-4509-BE31-629E99A5918C} = {2347CDA3-E8BA-4509-BE31-629E99A5918C}
		{132CCC9A-2224-4586-903B-D68ED5FD6FE7} = {132CCC9A-2224-4586-903B-D68ED5FD6FE7}
		{28B2039E-F2F7-4309-BE9B-596EE6DD8243} = {28B2039E-F2F7-4309-BE9B-596EE6DD8243}
	EndProjectSection
EndProject
Project("{8BC9CEB8-8B4A-11D0-8D11-00A0C91BC942}") = "test_namecoin", "tests\namecoin\test_namecoin.vcxproj", "{722CAAB7-FA7C-4033-BD2A-AC31B121E406}"
	ProjectSection(ProjectDependencies) = postProject
		{41F87EC0-F248-40A2-BB10-FE5C571D930A} = {41F87EC0-F248-40A2-BB10-FE5C571D930A}
		{2347CDA3-E8BA-4509-BE31-629E99A5918C} = {2347CDA3-E8BA-4509-BE31-629E99A5918C}
		{132CCC9A-2224-4586-903B-D68ED5FD6FE7} = {132CCC9A-2224-4586-903B-D68ED5FD6FE7}
		{28B2039E-F2F7-4309-BE9B-596EE6DD8243} = {28B2039E-F2F7-4309-BE9B-596EE6DD8243}
	EndProjectSection
EndProject
Project("{8BC9CEB8-8B4A-11D0-8D11-00A0C91BC942}") = "test_sqliterate", "tests\sqliterate\test_sqliterate.vcxproj", "{17BED2BE-82F3-42AA-8182-E8E4BFABE20D}"
	ProjectSection(ProjectDependencies) = postProject
		{41F87EC0-F248-40A2-BB10-FE5C571D930A} = {41F87EC0-F248-40A2-BB10-FE5C571D930A}
		{2347CDA3-E8BA-4509-BE31-629E99A5918C} = {2347CDA3-E8BA-4509-BE31-629E99A5918C}
		{132CCC9A-2224-4586-903B-D68ED5FD6FE7} = {132CCC9A-2224-4586-903B-D68ED5FD6FE7}
		{28B2039E-F2F7-4309-BE9B-596EE6DD8243} = {28B2039E-F2F7-4309-BE9B-596EE6DD8243}
	EndProjectSection
EndProject
Project("{8BC9CEB8-8B4A-11D0-8D11-00A0C91BC942}") = "uninstall", "uninstall.vcxproj", "{CF792D2F-E10F-4942-9E6C-39FB935F90EB}"
	ProjectSection(ProjectDependencies) = postProject
		{41F87EC0-F248-40A2-BB10-FE5C571D930A} = {41F87EC0-F248-40A2-BB10-FE5C571D930A}
	EndProjectSection
EndProject
Project("{2150E333-8FDC-42A3-9474-1A3956D46DE8}") = "Applications", "Applications", "{F1B9E564-E687-4094-ABDA-6D36D15CB921}"
EndProject
Project("{2150E333-8FDC-42A3-9474-1A3956D46DE8}") = "CMakePredefinedTargets", "CMakePredefinedTargets", "{2D271ADA-8CC9-4D52-888E-75B9BB3C29B8}"
EndProject
Project("{2150E333-8FDC-42A3-9474-1A3956D46DE8}") = "Examples", "Examples", "{CA412E6B-D75B-4C1B-82AB-43EF729CB898}"
EndProject
Project("{2150E333-8FDC-42A3-9474-1A3956D46DE8}") = "Tests", "Tests", "{DE30827E-2506-4205-B3B4-49846202E9FD}"
EndProject
Project("{2150E333-8FDC-42A3-9474-1A3956D46DE8}") = "libcoin Core", "libcoin Core", "{35CDC2C7-E796-4FF4-BA58-1BD897EF9368}"
EndProject
Global
	GlobalSection(SolutionConfigurationPlatforms) = preSolution
		Debug|Win32 = Debug|Win32
		Release|Win32 = Release|Win32
		MinSizeRel|Win32 = MinSizeRel|Win32
		RelWithDebInfo|Win32 = RelWithDebInfo|Win32
	EndGlobalSection
	GlobalSection(ProjectConfigurationPlatforms) = postSolution
		{5FA960E0-B74F-41CA-BE1C-9884D481B254}.Debug|Win32.ActiveCfg = Debug|Win32
		{5FA960E0-B74F-41CA-BE1C-9884D481B254}.Debug|Win32.Build.0 = Debug|Win32
		{5FA960E0-B74F-41CA-BE1C-9884D481B254}.Release|Win32.ActiveCfg = Release|Win32
		{5FA960E0-B74F-41CA-BE1C-9884D481B254}.Release|Win32.Build.0 = Release|Win32
		{5FA960E0-B74F-41CA-BE1C-9884D481B254}.MinSizeRel|Win32.ActiveCfg = MinSizeRel|Win32
		{5FA960E0-B74F-41CA-BE1C-9884D481B254}.MinSizeRel|Win32.Build.0 = MinSizeRel|Win32
		{5FA960E0-B74F-41CA-BE1C-9884D481B254}.RelWithDebInfo|Win32.ActiveCfg = RelWithDebInfo|Win32
		{5FA960E0-B74F-41CA-BE1C-9884D481B254}.RelWithDebInfo|Win32.Build.0 = RelWithDebInfo|Win32
		{ED5E3EC4-A322-4208-86CE-2AAC69768A72}.Debug|Win32.ActiveCfg = Debug|Win32
		{ED5E3EC4-A322-4208-86CE-2AAC69768A72}.Release|Win32.ActiveCfg = Release|Win32
		{ED5E3EC4-A322-4208-86CE-2AAC69768A72}.MinSizeRel|Win32.ActiveCfg = MinSizeRel|Win32
		{ED5E3EC4-A322-4208-86CE-2AAC69768A72}.RelWithDebInfo|Win32.ActiveCfg = RelWithDebInfo|Win32
		{41F87EC0-F248-40A2-BB10-FE5C571D930A}.Debug|Win32.ActiveCfg = Debug|Win32
		{41F87EC0-F248-40A2-BB10-FE5C571D930A}.Debug|Win32.Build.0 = Debug|Win32
		{41F87EC0-F248-40A2-BB10-FE5C571D930A}.Release|Win32.ActiveCfg = Release|Win32
		{41F87EC0-F248-40A2-BB10-FE5C571D930A}.Release|Win32.Build.0 = Release|Win32
		{41F87EC0-F248-40A2-BB10-FE5C571D930A}.MinSizeRel|Win32.ActiveCfg = MinSizeRel|Win32
		{41F87EC0-F248-40A2-BB10-FE5C571D930A}.MinSizeRel|Win32.Build.0 = MinSizeRel|Win32
		{41F87EC0-F248-40A2-BB10-FE5C571D930A}.RelWithDebInfo|Win32.ActiveCfg = RelWithDebInfo|Win32
		{41F87EC0-F248-40A2-BB10-FE5C571D930A}.RelWithDebInfo|Win32.Build.0 = RelWithDebInfo|Win32
		{BE23FF9A-E318-400D-9B1F-6EA17DE62898}.Debug|Win32.ActiveCfg = Debug|Win32
		{BE23FF9A-E318-400D-9B1F-6EA17DE62898}.Debug|Win32.Build.0 = Debug|Win32
		{BE23FF9A-E318-400D-9B1F-6EA17DE62898}.Release|Win32.ActiveCfg = Release|Win32
		{BE23FF9A-E318-400D-9B1F-6EA17DE62898}.Release|Win32.Build.0 = Release|Win32
		{BE23FF9A-E318-400D-9B1F-6EA17DE62898}.MinSizeRel|Win32.ActiveCfg = MinSizeRel|Win32
		{BE23FF9A-E318-400D-9B1F-6EA17DE62898}.MinSizeRel|Win32.Build.0 = MinSizeRel|Win32
		{BE23FF9A-E318-400D-9B1F-6EA17DE62898}.RelWithDebInfo|Win32.ActiveCfg = RelWithDebInfo|Win32
		{BE23FF9A-E318-400D-9B1F-6EA17DE62898}.RelWithDebInfo|Win32.Build.0 = RelWithDebInfo|Win32
		{6C1D8A54-FF77-4391-8766-9A4442862B28}.Debug|Win32.ActiveCfg = Debug|Win32
		{6C1D8A54-FF77-4391-8766-9A4442862B28}.Debug|Win32.Build.0 = Debug|Win32
		{6C1D8A54-FF77-4391-8766-9A4442862B28}.Release|Win32.ActiveCfg = Release|Win32
		{6C1D8A54-FF77-4391-8766-9A4442862B28}.Release|Win32.Build.0 = Release|Win32
		{6C1D8A54-FF77-4391-8766-9A4442862B28}.MinSizeRel|Win32.ActiveCfg = MinSizeRel|Win32
		{6C1D8A54-FF77-4391-8766-9A4442862B28}.MinSizeRel|Win32.Build.0 = MinSizeRel|Win32
		{6C1D8A54-FF77-4391-8766-9A4442862B28}.RelWithDebInfo|Win32.ActiveCfg = RelWithDebInfo|Win32
		{6C1D8A54-FF77-4391-8766-9A4442862B28}.RelWithDebInfo|Win32.Build.0 = RelWithDebInfo|Win32
		{A43C43F1-11E5-4028-8D29-E33B916587A7}.Debug|Win32.ActiveCfg = Debug|Win32
		{A43C43F1-11E5-4028-8D29-E33B916587A7}.Debug|Win32.Build.0 = Debug|Win32
		{A43C43F1-11E5-4028-8D29-E33B916587A7}.Release|Win32.ActiveCfg = Release|Win32
		{A43C43F1-11E5-4028-8D29-E33B916587A7}.Release|Win32.Build.0 = Release|Win32
		{A43C43F1-11E5-4028-8D29-E33B916587A7}.MinSizeRel|Win32.ActiveCfg = MinSizeRel|Win32
		{A43C43F1-11E5-4028-8D29-E33B916587A7}.MinSizeRel|Win32.Build.0 = MinSizeRel|Win32
		{A43C43F1-11E5-4028-8D29-E33B916587A7}.RelWithDebInfo|Win32.ActiveCfg = RelWithDebInfo|Win32
		{A43C43F1-11E5-4028-8D29-E33B916587A7}.RelWithDebInfo|Win32.Build.0 = RelWithDebInfo|Win32
		{2347CDA3-E8BA-4509-BE31-629E99A5918C}.Debug|Win32.ActiveCfg = Debug|Win32
		{2347CDA3-E8BA-4509-BE31-629E99A5918C}.Debug|Win32.Build.0 = Debug|Win32
		{2347CDA3-E8BA-4509-BE31-629E99A5918C}.Release|Win32.ActiveCfg = Release|Win32
		{2347CDA3-E8BA-4509-BE31-629E99A5918C}.Release|Win32.Build.0 = Release|Win32
		{2347CDA3-E8BA-4509-BE31-629E99A5918C}.MinSizeRel|Win32.ActiveCfg = MinSizeRel|Win32
		{2347CDA3-E8BA-4509-BE31-629E99A5918C}.MinSizeRel|Win32.Build.0 = MinSizeRel|Win32
		{2347CDA3-E8BA-4509-BE31-629E99A5918C}.RelWithDebInfo|Win32.ActiveCfg = RelWithDebInfo|Win32
		{2347CDA3-E8BA-4509-BE31-629E99A5918C}.RelWithDebInfo|Win32.Build.0 = RelWithDebInfo|Win32
		{132CCC9A-2224-4586-903B-D68ED5FD6FE7}.Debug|Win32.ActiveCfg = Debug|Win32
		{132CCC9A-2224-4586-903B-D68ED5FD6FE7}.Debug|Win32.Build.0 = Debug|Win32
		{132CCC9A-2224-4586-903B-D68ED5FD6FE7}.Release|Win32.ActiveCfg = Release|Win32
		{132CCC9A-2224-4586-903B-D68ED5FD6FE7}.Release|Win32.Build.0 = Release|Win32
		{132CCC9A-2224-4586-903B-D68ED5FD6FE7}.MinSizeRel|Win32.ActiveCfg = MinSizeRel|Win32
		{132CCC9A-2224-4586-903B-D68ED5FD6FE7}.MinSizeRel|Win32.Build.0 = MinSizeRel|Win32
		{132CCC9A-2224-4586-903B-D68ED5FD6FE7}.RelWithDebInfo|Win32.ActiveCfg = RelWithDebInfo|Win32
		{132CCC9A-2224-4586-903B-D68ED5FD6FE7}.RelWithDebInfo|Win32.Build.0 = RelWithDebInfo|Win32
		{28B2039E-F2F7-4309-BE9B-596EE6DD8243}.Debug|Win32.ActiveCfg = Debug|Win32
		{28B2039E-F2F7-4309-BE9B-596EE6DD8243}.Debug|Win32.Build.0 = Debug|Win32
		{28B2039E-F2F7-4309-BE9B-596EE6DD8243}.Release|Win32.ActiveCfg = Release|Win32
		{28B2039E-F2F7-4309-BE9B-596EE6DD8243}.Release|Win32.Build.0 = Release|Win32
		{28B2039E-F2F7-4309-BE9B-596EE6DD8243}.MinSizeRel|Win32.ActiveCfg = MinSizeRel|Win32
		{28B2039E-F2F7-4309-BE9B-596EE6DD8243}.MinSizeRel|Win32.Build.0 = MinSizeRel|Win32
		{28B2039E-F2F7-4309-BE9B-596EE6DD8243}.RelWithDebInfo|Win32.ActiveCfg = RelWithDebInfo|Win32
		{28B2039E-F2F7-4309-BE9B-596EE6DD8243}.RelWithDebInfo|Win32.Build.0 = RelWithDebInfo|Win32
		{13D69030-B2A2-463D-8447-98BAAFD7BBEC}.Debug|Win32.ActiveCfg = Debug|Win32
		{13D69030-B2A2-463D-8447-98BAAFD7BBEC}.Debug|Win32.Build.0 = Debug|Win32
		{13D69030-B2A2-463D-8447-98BAAFD7BBEC}.Release|Win32.ActiveCfg = Release|Win32
		{13D69030-B2A2-463D-8447-98BAAFD7BBEC}.Release|Win32.Build.0 = Release|Win32
		{13D69030-B2A2-463D-8447-98BAAFD7BBEC}.MinSizeRel|Win32.ActiveCfg = MinSizeRel|Win32
		{13D69030-B2A2-463D-8447-98BAAFD7BBEC}.MinSizeRel|Win32.Build.0 = MinSizeRel|Win32
		{13D69030-B2A2-463D-8447-98BAAFD7BBEC}.RelWithDebInfo|Win32.ActiveCfg = RelWithDebInfo|Win32
		{13D69030-B2A2-463D-8447-98BAAFD7BBEC}.RelWithDebInfo|Win32.Build.0 = RelWithDebInfo|Win32
		{F00673DB-F34B-4F6F-8DAB-A7E3E20591B5}.Debug|Win32.ActiveCfg = Debug|Win32
		{F00673DB-F34B-4F6F-8DAB-A7E3E20591B5}.Debug|Win32.Build.0 = Debug|Win32
		{F00673DB-F34B-4F6F-8DAB-A7E3E20591B5}.Release|Win32.ActiveCfg = Release|Win32
		{F00673DB-F34B-4F6F-8DAB-A7E3E20591B5}.Release|Win32.Build.0 = Release|Win32
		{F00673DB-F34B-4F6F-8DAB-A7E3E20591B5}.MinSizeRel|Win32.ActiveCfg = MinSizeRel|Win32
		{F00673DB-F34B-4F6F-8DAB-A7E3E20591B5}.MinSizeRel|Win32.Build.0 = MinSizeRel|Win32
		{F00673DB-F34B-4F6F-8DAB-A7E3E20591B5}.RelWithDebInfo|Win32.ActiveCfg = RelWithDebInfo|Win32
		{F00673DB-F34B-4F6F-8DAB-A7E3E20591B5}.RelWithDebInfo|Win32.Build.0 = RelWithDebInfo|Win32
		{CBBB1D06-D18B-4EA1-A884-16DAB76AC4F2}.Debug|Win32.ActiveCfg = Debug|Win32
		{CBBB1D06-D18B-4EA1-A884-16DAB76AC4F2}.Debug|Win32.Build.0 = Debug|Win32
		{CBBB1D06-D18B-4EA1-A884-16DAB76AC4F2}.Release|Win32.ActiveCfg = Release|Win32
		{CBBB1D06-D18B-4EA1-A884-16DAB76AC4F2}.Release|Win32.Build.0 = Release|Win32
		{CBBB1D06-D18B-4EA1-A884-16DAB76AC4F2}.MinSizeRel|Win32.ActiveCfg = MinSizeRel|Win32
		{CBBB1D06-D18B-4EA1-A884-16DAB76AC4F2}.MinSizeRel|Win32.Build.0 = MinSizeRel|Win32
		{CBBB1D06-D18B-4EA1-A884-16DAB76AC4F2}.RelWithDebInfo|Win32.ActiveCfg = RelWithDebInfo|Win32
		{CBBB1D06-D18B-4EA1-A884-16DAB76AC4F2}.RelWithDebInfo|Win32.Build.0 = RelWithDebInfo|Win32
		{D963B280-9F8A-45AC-94FB-7F71B43EADC5}.Debug|Win32.ActiveCfg = Debug|Win32
		{D963B280-9F8A-45AC-94FB-7F71B43EADC5}.Debug|Win32.Build.0 = Debug|Win32
		{D963B280-9F8A-45AC-94FB-7F71B43EADC5}.Release|Win32.ActiveCfg = Release|Win32
		{D963B280-9F8A-45AC-94FB-7F71B43EADC5}.Release|Win32.Build.0 = Release|Win32
		{D963B280-9F8A-45AC-94FB-7F71B43EADC5}.MinSizeRel|Win32.ActiveCfg = MinSizeRel|Win32
		{D963B280-9F8A-45AC-94FB-7F71B43EADC5}.MinSizeRel|Win32.Build.0 = MinSizeRel|Win32
		{D963B280-9F8A-45AC-94FB-7F71B43EADC5}.RelWithDebInfo|Win32.ActiveCfg = RelWithDebInfo|Win32
		{D963B280-9F8A-45AC-94FB-7F71B43EADC5}.RelWithDebInfo|Win32.Build.0 = RelWithDebInfo|Win32
		{DBE10C5A-BD3C-406B-A4C8-D94FB2B269F7}.Debug|Win32.ActiveCfg = Debug|Win32
		{DBE10C5A-BD3C-406B-A4C8-D94FB2B269F7}.Debug|Win32.Build.0 = Debug|Win32
		{DBE10C5A-BD3C-406B-A4C8-D94FB2B269F7}.Release|Win32.ActiveCfg = Release|Win32
		{DBE10C5A-BD3C-406B-A4C8-D94FB2B269F7}.Release|Win32.Build.0 = Release|Win32
		{DBE10C5A-BD3C-406B-A4C8-D94FB2B269F7}.MinSizeRel|Win32.ActiveCfg = MinSizeRel|Win32
		{DBE10C5A-BD3C-406B-A4C8-D94FB2B269F7}.MinSizeRel|Win32.Build.0 = MinSizeRel|Win32
		{DBE10C5A-BD3C-406B-A4C8-D94FB2B269F7}.RelWithDebInfo|Win32.ActiveCfg = RelWithDebInfo|Win32
		{DBE10C5A-BD3C-406B-A4C8-D94FB2B269F7}.RelWithDebInfo|Win32.Build.0 = RelWithDebInfo|Win32
		{B4E5F9F9-4389-4599-A1C4-350531DBBE29}.Debug|Win32.ActiveCfg = Debug|Win32
		{B4E5F9F9-4389-4599-A1C4-350531DBBE29}.Debug|Win32.Build.0 = Debug|Win32
		{B4E5F9F9-4389-4599-A1C4-350531DBBE29}.Release|Win32.ActiveCfg = Release|Win32
		{B4E5F9F9-4389-4599-A1C4-350531DBBE29}.Release|Win32.Build.0 = Release|Win32
		{B4E5F9F9-4389-4599-A1C4-350531DBBE29}.MinSizeRel|Win32.ActiveCfg = MinSizeRel|Win32
		{B4E5F9F9-4389-4599-A1C4-350531DBBE29}.MinSizeRel|Win32.Build.0 = MinSizeRel|Win32
		{B4E5F9F9-4389-4599-A1C4-350531DBBE29}.RelWithDebInfo|Win32.ActiveCfg = RelWithDebInfo|Win32
		{B4E5F9F9-4389-4599-A1C4-350531DBBE29}.RelWithDebInfo|Win32.Build.0 = RelWithDebInfo|Win32
		{B5A05B0E-24E1-4E9A-B4FE-79152B46A34B}.Debug|Win32.ActiveCfg = Debug|Win32
		{B5A05B0E-24E1-4E9A-B4FE-79152B46A34B}.Debug|Win32.Build.0 = Debug|Win32
		{B5A05B0E-24E1-4E9A-B4FE-79152B46A34B}.Release|Win32.ActiveCfg = Release|Win32
		{B5A05B0E-24E1-4E9A-B4FE-79152B46A34B}.Release|Win32.Build.0 = Release|Win32
		{B5A05B0E-24E1-4E9A-B4FE-79152B46A34B}.MinSizeRel|Win32.ActiveCfg = MinSizeRel|Win32
		{B5A05B0E-24E1-4E9A-B4FE-79152B46A34B}.MinSizeRel|Win32.Build.0 = MinSizeRel|Win32
		{B5A05B0E-24E1-4E9A-B4FE-79152B46A34B}.RelWithDebInfo|Win32.ActiveCfg = RelWithDebInfo|Win32
		{B5A05B0E-24E1-4E9A-B4FE-79152B46A34B}.RelWithDebInfo|Win32.Build.0 = RelWithDebInfo|Win32
		{EA11D6F6-BE2B-4671-9B83-3E0675A44AFB}.Debug|Win32.ActiveCfg = Debug|Win32
		{EA11D6F6-BE2B-4671-9B83-3E0675A44AFB}.Debug|Win32.Build.0 = Debug|Win32
		{EA11D6F6-BE2B-4671-9B83-3E0675A44AFB}.Release|Win32.ActiveCfg = Release|Win32
		{EA11D6F6-BE2B-4671-9B83-3E0675A44AFB}.Release|Win32.Build.0 = Release|Win32
		{EA11D6F6-BE2B-4671-9B83-3E0675A44AFB}.MinSizeRel|Win32.ActiveCfg = MinSizeRel|Win32
		{EA11D6F6-BE2B-4671-9B83-3E0675A44AFB}.MinSizeRel|Win32.Build.0 = MinSizeRel|Win32
		{EA11D6F6-BE2B-4671-9B83-3E0675A44AFB}.RelWithDebInfo|Win32.ActiveCfg = RelWithDebInfo|Win32
		{EA11D6F6-BE2B-4671-9B83-3E0675A44AFB}.RelWithDebInfo|Win32.Build.0 = RelWithDebInfo|Win32
		{ED709601-0076-41A9-A755-94A170CA998B}.Debug|Win32.ActiveCfg = Debug|Win32
		{ED709601-0076-41A9-A755-94A170CA998B}.Debug|Win32.Build.0 = Debug|Win32
		{ED709601-0076-41A9-A755-94A170CA998B}.Release|Win32.ActiveCfg = Release|Win32
		{ED709601-0076-41A9-A755-94A170CA998B}.Release|Win32.Build.0 = Release|Win32
		{ED709601-0076-41A9-A755-94A170CA998B}.MinSizeRel|Win32.ActiveCfg = MinSizeRel|Win32
		{ED709601-0076-41A9-A755-94A170CA998B}.MinSizeRel|Win32.Build.0 = MinSizeRel|Win32
		{ED709601-0076-41A9-A755-94A170CA998B}.RelWithDebInfo|Win32.ActiveCfg = RelWithDebInfo|Win32
		{ED709601-0076-41A9-A755-94A170CA998B}.RelWithDebInfo|Win32.Build.0 = RelWithDebInfo|Win32
		{617E8678-748C-4773-809F-48A195804AF5}.Debug|Win32.ActiveCfg = Debug|Win32
		{617E8678-748C-4773-809F-48A195804AF5}.Debug|Win32.Build.0 = Debug|Win32
		{617E8678-748C-4773-809F-48A195804AF5}.Release|Win32.ActiveCfg = Release|Win32
		{617E8678-748C-4773-809F-48A195804AF5}.Release|Win32.Build.0 = Release|Win32
		{617E8678-748C-4773-809F-48A195804AF5}.MinSizeRel|Win32.ActiveCfg = MinSizeRel|Win32
		{617E8678-748C-4773-809F-48A195804AF5}.MinSizeRel|Win32.Build.0 = MinSizeRel|Win32
		{617E8678-748C-4773-809F-48A195804AF5}.RelWithDebInfo|Win32.ActiveCfg = RelWithDebInfo|Win32
		{617E8678-748C-4773-809F-48A195804AF5}.RelWithDebInfo|Win32.Build.0 = RelWithDebInfo|Win32
		{BB5E4369-0A51-4FDC-89E0-821A04F1CB84}.Debug|Win32.ActiveCfg = Debug|Win32
		{BB5E4369-0A51-4FDC-89E0-821A04F1CB84}.Debug|Win32.Build.0 = Debug|Win32
		{BB5E4369-0A51-4FDC-89E0-821A04F1CB84}.Release|Win32.ActiveCfg = Release|Win32
		{BB5E4369-0A51-4FDC-89E0-821A04F1CB84}.Release|Win32.Build.0 = Release|Win32
		{BB5E4369-0A51-4FDC-89E0-821A04F1CB84}.MinSizeRel|Win32.ActiveCfg = MinSizeRel|Win32
		{BB5E4369-0A51-4FDC-89E0-821A04F1CB84}.MinSizeRel|Win32.Build.0 = MinSizeRel|Win32
		{BB5E4369-0A51-4FDC-89E0-821A04F1CB84}.RelWithDebInfo|Win32.ActiveCfg = RelWithDebInfo|Win32
		{BB5E4369-0A51-4FDC-89E0-821A04F1CB84}.RelWithDebInfo|Win32.Build.0 = RelWithDebInfo|Win32
		{C9F4169B-A129-4BBD-A71A-2E972B016A40}.Debug|Win32.ActiveCfg = Debug|Win32
		{C9F4169B-A129-4BBD-A71A-2E972B016A40}.Debug|Win32.Build.0 = Debug|Win32
		{C9F4169B-A129-4BBD-A71A-2E972B016A40}.Release|Win32.ActiveCfg = Release|Win32
		{C9F4169B-A129-4BBD-A71A-2E972B016A40}.Release|Win32.Build.0 = Release|Win32
		{C9F4169B-A129-4BBD-A71A-2E972B016A40}.MinSizeRel|Win32.ActiveCfg = MinSizeRel|Win32
		{C9F4169B-A129-4BBD-A71A-2E972B016A40}.MinSizeRel|Win32.Build.0 = MinSizeRel|Win32
		{C9F4169B-A129-4BBD-A71A-2E972B016A40}.RelWithDebInfo|Win32.ActiveCfg = RelWithDebInfo|Win32
		{C9F4169B-A129-4BBD-A71A-2E972B016A40}.RelWithDebInfo|Win32.Build.0 = RelWithDebInfo|Win32
		{722CAAB7-FA7C-4033-BD2A-AC31B121E406}.Debug|Win32.ActiveCfg = Debug|Win32
		{722CAAB7-FA7C-4033-BD2A-AC31B121E406}.Debug|Win32.Build.0 = Debug|Win32
		{722CAAB7-FA7C-4033-BD2A-AC31B121E406}.Release|Win32.ActiveCfg = Release|Win32
		{722CAAB7-FA7C-4033-BD2A-AC31B121E406}.Release|Win32.Build.0 = Release|Win32
		{722CAAB7-FA7C-4033-BD2A-AC31B121E406}.MinSizeRel|Win32.ActiveCfg = MinSizeRel|Win32
		{722CAAB7-FA7C-4033-BD2A-AC31B121E406}.MinSizeRel|Win32.Build.0 = MinSizeRel|Win32
		{722CAAB7-FA7C-4033-BD2A-AC31B121E406}.RelWithDebInfo|Win32.ActiveCfg = RelWithDebInfo|Win32
		{722CAAB7-FA7C-4033-BD2A-AC31B121E406}.RelWithDebInfo|Win32.Build.0 = RelWithDebInfo|Win32
		{17BED2BE-82F3-42AA-8182-E8E4BFABE20D}.Debug|Win32.ActiveCfg = Debug|Win32
		{17BED2BE-82F3-42AA-8182-E8E4BFABE20D}.Debug|Win32.Build.0 = Debug|Win32
		{17BED2BE-82F3-42AA-8182-E8E4BFABE20D}.Release|Win32.ActiveCfg = Release|Win32
		{17BED2BE-82F3-42AA-8182-E8E4BFABE20D}.Release|Win32.Build.0 = Release|Win32
		{17BED2BE-82F3-42AA-8182-E8E4BFABE20D}.MinSizeRel|Win32.ActiveCfg = MinSizeRel|Win32
		{17BED2BE-82F3-42AA-8182-E8E4BFABE20D}.MinSizeRel|Win32.Build.0 = MinSizeRel|Win32
		{17BED2BE-82F3-42AA-8182-E8E4BFABE20D}.RelWithDebInfo|Win32.ActiveCfg = RelWithDebInfo|Win32
		{17BED2BE-82F3-42AA-8182-E8E4BFABE20D}.RelWithDebInfo|Win32.Build.0 = RelWithDebInfo|Win32
		{CF792D2F-E10F-4942-9E6C-39FB935F90EB}.Debug|Win32.ActiveCfg = Debug|Win32
		{CF792D2F-E10F-4942-9E6C-39FB935F90EB}.Release|Win32.ActiveCfg = Release|Win32
		{CF792D2F-E10F-4942-9E6C-39FB935F90EB}.MinSizeRel|Win32.ActiveCfg = MinSizeRel|Win32
		{CF792D2F-E10F-4942-9E6C-39FB935F90EB}.RelWithDebInfo|Win32.ActiveCfg = RelWithDebInfo|Win32
	EndGlobalSection
	GlobalSection(NestedProjects) = preSolution
		{BE23FF9A-E318-400D-9B1F-6EA17DE62898} = {F1B9E564-E687-4094-ABDA-6D36D15CB921}
		{6C1D8A54-FF77-4391-8766-9A4442862B28} = {F1B9E564-E687-4094-ABDA-6D36D15CB921}
		{A43C43F1-11E5-4028-8D29-E33B916587A7} = {F1B9E564-E687-4094-ABDA-6D36D15CB921}
		{ED5E3EC4-A322-4208-86CE-2AAC69768A72} = {2D271ADA-8CC9-4D52-888E-75B9BB3C29B8}
		{41F87EC0-F248-40A2-BB10-FE5C571D930A} = {2D271ADA-8CC9-4D52-888E-75B9BB3C29B8}
		{D963B280-9F8A-45AC-94FB-7F71B43EADC5} = {CA412E6B-D75B-4C1B-82AB-43EF729CB898}
		{DBE10C5A-BD3C-406B-A4C8-D94FB2B269F7} = {CA412E6B-D75B-4C1B-82AB-43EF729CB898}
		{B4E5F9F9-4389-4599-A1C4-350531DBBE29} = {CA412E6B-D75B-4C1B-82AB-43EF729CB898}
		{B5A05B0E-24E1-4E9A-B4FE-79152B46A34B} = {DE30827E-2506-4205-B3B4-49846202E9FD}
		{EA11D6F6-BE2B-4671-9B83-3E0675A44AFB} = {DE30827E-2506-4205-B3B4-49846202E9FD}
		{ED709601-0076-41A9-A755-94A170CA998B} = {DE30827E-2506-4205-B3B4-49846202E9FD}
		{617E8678-748C-4773-809F-48A195804AF5} = {DE30827E-2506-4205-B3B4-49846202E9FD}
		{BB5E4369-0A51-4FDC-89E0-821A04F1CB84} = {DE30827E-2506-4205-B3B4-49846202E9FD}
		{C9F4169B-A129-4BBD-A71A-2E972B016A40} = {DE30827E-2506-4205-B3B4-49846202E9FD}
		{722CAAB7-FA7C-4033-BD2A-AC31B121E406} = {DE30827E-2506-4205-B3B4-49846202E9FD}
		{17BED2BE-82F3-42AA-8182-E8E4BFABE20D} = {DE30827E-2506-4205-B3B4-49846202E9FD}
		{2347CDA3-E8BA-4509-BE31-629E99A5918C} = {35CDC2C7-E796-4FF4-BA58-1BD897EF9368}
		{132CCC9A-2224-4586-903B-D68ED5FD6FE7} = {35CDC2C7-E796-4FF4-BA58-1BD897EF9368}
		{28B2039E-F2F7-4309-BE9B-596EE6DD8243} = {35CDC2C7-E796-4FF4-BA58-1BD897EF9368}
		{13D69030-B2A2-463D-8447-98BAAFD7BBEC} = {35CDC2C7-E796-4FF4-BA58-1BD897EF9368}
		{F00673DB-F34B-4F6F-8DAB-A7E3E20591B5} = {35CDC2C7-E796-4FF4-BA58-1BD897EF9368}
		{CBBB1D06-D18B-4EA1-A884-16DAB76AC4F2} = {35CDC2C7-E796-4FF4-BA58-1BD897EF9368}
	EndGlobalSection
	GlobalSection(ExtensibilityGlobals) = postSolution
	EndGlobalSection
	GlobalSection(ExtensibilityAddIns) = postSolution
	EndGlobalSection
EndGlobal
