<?xml version="1.0" encoding="utf-8"?>
<Project ToolsVersion="4.0" xmlns="http://schemas.microsoft.com/developer/msbuild/2003">
  <ItemGroup>
    <ClCompile Include="BerkeleyDB.cpp">
      <Filter>Source Files</Filter>
    </ClCompile>
    <ClCompile Include="Crypter.cpp">
      <Filter>Source Files</Filter>
    </ClCompile>
    <ClCompile Include="CryptoKeyStore.cpp">
      <Filter>Source Files</Filter>
    </ClCompile>
    <ClCompile Include="MerkleTx.cpp">
      <Filter>Source Files</Filter>
    </ClCompile>
    <ClCompile Include="Wallet.cpp">
      <Filter>Source Files</Filter>
    </ClCompile>
    <ClCompile Include="WalletDB.cpp">
      <Filter>Source Files</Filter>
    </ClCompile>
    <ClCompile Include="WalletTx.cpp">
      <Filter>Source Files</Filter>
    </ClCompile>
    <ClCompile Include="WalletRPC.cpp">
      <Filter>Source Files</Filter>
    </ClCompile>
  </ItemGroup>
  <ItemGroup>
    <ClInclude Include="..\..\include\coinWallet\BerkeleyDB.h">
      <Filter>Header Files</Filter>
    </ClInclude>
    <ClInclude Include="..\..\include\coinWallet\Crypter.h">
      <Filter>Header Files</Filter>
    </ClInclude>
    <ClInclude Include="..\..\include\coinWallet\CryptoKeyStore.h">
      <Filter>Header Files</Filter>
    </ClInclude>
    <ClInclude Include="..\..\include\coinWallet\Export.h">
      <Filter>Header Files</Filter>
    </ClInclude>
    <ClInclude Include="..\..\include\coinWallet\MerkleTx.h">
      <Filter>Header Files</Filter>
    </ClInclude>
    <ClInclude Include="..\..\include\coinWallet\Wallet.h">
      <Filter>Header Files</Filter>
    </ClInclude>
    <ClInclude Include="..\..\include\coinWallet\WalletDB.h">
      <Filter>Header Files</Filter>
    </ClInclude>
    <ClInclude Include="..\..\include\coinWallet\WalletTx.h">
      <Filter>Header Files</Filter>
    </ClInclude>
    <ClInclude Include="..\..\include\coinWallet\WalletRPC.h">
      <Filter>Header Files</Filter>
    </ClInclude>
    <ClInclude Include="..\..\include\coin\Config.h">
      <Filter>Header Files</Filter>
    </ClInclude>
  </ItemGroup>
  <ItemGroup>
    <CustomBuild Include="CMakeLists.txt" />
  </ItemGroup>
  <ItemGroup>
    <ResourceCompile Include="..\..\PlatformSpecifics\Windows\libcoinVersionInfo.rc">
      <Filter>Source Files</Filter>
    </ResourceCompile>
  </ItemGroup>
  <ItemGroup>
    <Filter Include="Source Files">
      <UniqueIdentifier>{382763B9-72E9-47C6-9E49-AC1EB2866B70}</UniqueIdentifier>
    </Filter>
    <Filter Include="Header Files">
      <UniqueIdentifier>{6288F278-5AB5-41BC-B9CA-3E8D526F3B84}</UniqueIdentifier>
    </Filter>
  </ItemGroup>
</Project>
